dependencies:
- name: postgresql
  repository: oci://registry-1.docker.io/bitnamicharts
  version: 12.12.10
- name: redis
  repository: oci://registry-1.docker.io/bitnamicharts
  version: 18.19.4
digest: sha256:d342d8e5a2070ca7fc323dcfd1039665d4ab737087c70f654031d8caef44efb8
generated: "2025-10-13T19:05:34.184888-03:00"
